<?xml version="1.0" encoding="utf-8"?>
<Project ToolsVersion="4.0" xmlns="http://schemas.microsoft.com/developer/msbuild/2003">
  <ItemGroup>
    <Filter Include="Header Files">
      <UniqueIdentifier>{93995380-89BD-4b04-88EB-625FBE52EBFB}</UniqueIdentifier>
      <Extensions>h;hh;hpp;hxx;hm;inl;inc;xsd</Extensions>
    </Filter>
    <Filter Include="Menu">
      <UniqueIdentifier>{2a12d025-c2ec-49af-84af-2c26d0618e38}</UniqueIdentifier>
    </Filter>
    <Filter Include="Source Files">
      <UniqueIdentifier>{4FC737F1-C7A5-4376-A066-2A32D752A2FF}</UniqueIdentifier>
      <Extensions>cpp;c;cc;cxx;def;odl;idl;hpj;bat;asm;asmx</Extensions>
    </Filter>
    <Filter Include="Header Files\gta">
      <UniqueIdentifier>{30a77005-5c72-4770-b3de-68a03b538f99}</UniqueIdentifier>
    </Filter>
    <Filter Include="Header Files\functions">
      <UniqueIdentifier>{b184f7eb-871f-4501-98e9-30c8cbf78985}</UniqueIdentifier>
    </Filter>
  </ItemGroup>
  <ItemGroup>
    <ClInclude Include="log.hpp">
      <Filter>Header Files</Filter>
    </ClInclude>
    <ClInclude Include="stdafx.hpp">
      <Filter>Header Files</Filter>
    </ClInclude>
    <ClInclude Include="types.hpp">
      <Filter>Header Files</Filter>
    </ClInclude>
    <ClInclude Include="native_caller.hpp">
      <Filter>Header Files</Filter>
    </ClInclude>
    <ClInclude Include="signature_scanner.hpp">
      <Filter>Header Files</Filter>
    </ClInclude>
    <ClInclude Include="native_invoker.hpp">
      <Filter>Header Files</Filter>
    </ClInclude>
    <ClInclude Include="crossmapping.hpp">
      <Filter>Header Files</Filter>
    </ClInclude>
    <ClInclude Include="script.hpp">
      <Filter>Menu</Filter>
    </ClInclude>
    <ClInclude Include="menu_class.hpp">
      <Filter>Menu</Filter>
    </ClInclude>
    <ClInclude Include="enums.hpp">
      <Filter>Header Files</Filter>
    </ClInclude>
    <ClInclude Include="hooking.hpp">
      <Filter>Header Files</Filter>
    </ClInclude>
    <ClInclude Include="natives.hpp">
      <Filter>Header Files</Filter>
    </ClInclude>
    <ClInclude Include="script_global.hpp">
      <Filter>Header Files</Filter>
    </ClInclude>
    <ClInclude Include="offset_handler.hpp">
      <Filter>Header Files</Filter>
    </ClInclude>
    <ClInclude Include="input_hook.hpp">
      <Filter>Header Files</Filter>
    </ClInclude>
    <ClInclude Include="net_game_event.hpp">
      <Filter>Header Files\gta</Filter>
    </ClInclude>
    <ClInclude Include="functions.hpp">
      <Filter>Header Files\functions</Filter>
    </ClInclude>
    <ClInclude Include="player.hpp">
      <Filter>Header Files\functions</Filter>
    </ClInclude>
    <ClInclude Include="utils.hpp">
      <Filter>Header Files\functions</Filter>
    </ClInclude>
    <ClInclude Include="vehicle.hpp">
      <Filter>Header Files\functions</Filter>
    </ClInclude>
    <ClInclude Include="looped.hpp">
      <Filter>Header Files\functions</Filter>
    </ClInclude>
  </ItemGroup>
  <ItemGroup>
    <ClCompile Include="stdafx.cpp">
      <Filter>Source Files</Filter>
    </ClCompile>
    <ClCompile Include="main.cpp">
      <Filter>Source Files</Filter>
    </ClCompile>
    <ClCompile Include="log.cpp">
      <Filter>Source Files</Filter>
    </ClCompile>
    <ClCompile Include="native_invoker.cpp">
      <Filter>Source Files</Filter>
    </ClCompile>
    <ClCompile Include="script.cpp">
      <Filter>Menu</Filter>
    </ClCompile>
    <ClCompile Include="menu_class.cpp">
      <Filter>Menu</Filter>
    </ClCompile>
    <ClCompile Include="crossmapping.cpp">
      <Filter>Source Files</Filter>
    </ClCompile>
    <ClCompile Include="hooking.cpp">
      <Filter>Source Files</Filter>
    </ClCompile>
    <ClCompile Include="input_hook.cpp">
      <Filter>Source Files</Filter>
    </ClCompile>
  </ItemGroup>
  <ItemGroup>
    <MASM Include="native_spoofer.asm">
      <Filter>Source Files</Filter>
    </MASM>
  </ItemGroup>
  <ItemGroup>
    <None Include="cpp.hint" />
  </ItemGroup>
</Project>