<?xml version="1.0" encoding="utf-8"?>
<Project ToolsVersion="4.0" xmlns="http://schemas.microsoft.com/developer/msbuild/2003">
  <ItemGroup>
    <Filter Include="Header Files">
      <UniqueIdentifier>{93995380-89BD-4b04-88EB-625FBE52EBFB}</UniqueIdentifier>
      <Extensions>h;hh;hpp;hxx;hm;inl;inc;xsd</Extensions>
    </Filter>
    <Filter Include="Menu">
      <UniqueIdentifier>{2a12d025-c2ec-49af-84af-2c26d0618e38}</UniqueIdentifier>
    </Filter>
    <Filter Include="Source Files">
      <UniqueIdentifier>{4FC737F1-C7A5-4376-A066-2A32D752A2FF}</UniqueIdentifier>
      <Extensions>cpp;c;cc;cxx;def;odl;idl;hpj;bat;asm;asmx</Extensions>
    </Filter>
  </ItemGroup>
  <ItemGroup>
    <ClInclude Include="headers\Log.h">
      <Filter>Header Files</Filter>
    </ClInclude>
    <ClInclude Include="headers\stdafx.h">
      <Filter>Header Files</Filter>
    </ClInclude>
    <ClInclude Include="headers\Types.h">
      <Filter>Header Files</Filter>
    </ClInclude>
    <ClInclude Include="headers\NativeCaller.h">
      <Filter>Header Files</Filter>
    </ClInclude>
    <ClInclude Include="headers\SignatureScanner.h">
      <Filter>Header Files</Filter>
    </ClInclude>
    <ClInclude Include="headers\NativeInvoker.h">
      <Filter>Header Files</Filter>
    </ClInclude>
    <ClInclude Include="headers\Script.h">
      <Filter>Menu</Filter>
    </ClInclude>
    <ClInclude Include="headers\MenuClass.h">
      <Filter>Menu</Filter>
    </ClInclude>
    <ClInclude Include="headers\enums.h">
      <Filter>Header Files</Filter>
    </ClInclude>
    <ClInclude Include="headers\Hooking.h">
      <Filter>Header Files</Filter>
    </ClInclude>
    <ClInclude Include="headers\Natives.h">
      <Filter>Header Files</Filter>
    </ClInclude>
    <ClInclude Include="headers\ScriptGlobal.h">
      <Filter>Header Files</Filter>
    </ClInclude>
    <ClInclude Include="headers\OffsetHandler.h">
      <Filter>Header Files</Filter>
    </ClInclude>
    <ClInclude Include="headers\resource.h">
      <Filter>Header Files</Filter>
    </ClInclude>
    <ClInclude Include="vendor\GTAV-Classes\base\CBaseModelInfo.hpp">
      <Filter>Header Files</Filter>
    </ClInclude>
    <ClInclude Include="vendor\GTAV-Classes\base\CNavigation.hpp">
      <Filter>Header Files</Filter>
    </ClInclude>
    <ClInclude Include="vendor\GTAV-Classes\base\CObject.hpp">
      <Filter>Header Files</Filter>
    </ClInclude>
    <ClInclude Include="vendor\GTAV-Classes\base\datBase.hpp">
      <Filter>Header Files</Filter>
    </ClInclude>
    <ClInclude Include="vendor\GTAV-Classes\base\fwArchetype.hpp">
      <Filter>Header Files</Filter>
    </ClInclude>
    <ClInclude Include="vendor\GTAV-Classes\base\fwArchetypeDef.hpp">
      <Filter>Header Files</Filter>
    </ClInclude>
    <ClInclude Include="vendor\GTAV-Classes\base\fwExtensibleBase.hpp">
      <Filter>Header Files</Filter>
    </ClInclude>
    <ClInclude Include="vendor\GTAV-Classes\base\fwExtension.hpp">
      <Filter>Header Files</Filter>
    </ClInclude>
    <ClInclude Include="vendor\GTAV-Classes\base\fwExtensionContainer.hpp">
      <Filter>Header Files</Filter>
    </ClInclude>
    <ClInclude Include="vendor\GTAV-Classes\base\fwRefAwareBase.hpp">
      <Filter>Header Files</Filter>
    </ClInclude>
    <ClInclude Include="vendor\GTAV-Classes\base\fwRefAwareBaseImpl.hpp">
      <Filter>Header Files</Filter>
    </ClInclude>
    <ClInclude Include="vendor\GTAV-Classes\base\HashTable.hpp">
      <Filter>Header Files</Filter>
    </ClInclude>
    <ClInclude Include="vendor\GTAV-Classes\base\pgBase.hpp">
      <Filter>Header Files</Filter>
    </ClInclude>
    <ClInclude Include="vendor\GTAV-Classes\base\phArchetype.hpp">
      <Filter>Header Files</Filter>
    </ClInclude>
    <ClInclude Include="vendor\GTAV-Classes\base\phBound.hpp">
      <Filter>Header Files</Filter>
    </ClInclude>
    <ClInclude Include="vendor\GTAV-Classes\base\phBoundCapsule.hpp">
      <Filter>Header Files</Filter>
    </ClInclude>
    <ClInclude Include="vendor\GTAV-Classes\base\phBoundComposite.hpp">
      <Filter>Header Files</Filter>
    </ClInclude>
    <ClInclude Include="vendor\GTAV-Classes\camera\CCameraAngles.hpp">
      <Filter>Header Files</Filter>
    </ClInclude>
    <ClInclude Include="vendor\GTAV-Classes\camera\CCameraManagerAngles.hpp">
      <Filter>Header Files</Filter>
    </ClInclude>
    <ClInclude Include="vendor\GTAV-Classes\camera\CGameCameraAngles.hpp">
      <Filter>Header Files</Filter>
    </ClInclude>
    <ClInclude Include="vendor\GTAV-Classes\datanodes\automobile\CAutomobileCreationNode.hpp">
      <Filter>Header Files</Filter>
    </ClInclude>
    <ClInclude Include="vendor\GTAV-Classes\datanodes\door\CDoorCreationDataNode.hpp">
      <Filter>Header Files</Filter>
    </ClInclude>
    <ClInclude Include="vendor\GTAV-Classes\datanodes\dynamic_entity\CDynamicEntityGameStateDataNode.hpp">
      <Filter>Header Files</Filter>
    </ClInclude>
    <ClInclude Include="vendor\GTAV-Classes\datanodes\entity\CEntityOrientationDataNode.hpp">
      <Filter>Header Files</Filter>
    </ClInclude>
    <ClInclude Include="vendor\GTAV-Classes\datanodes\entity\CEntityScriptGameStateDataNode.hpp">
      <Filter>Header Files</Filter>
    </ClInclude>
    <ClInclude Include="vendor\GTAV-Classes\datanodes\object\CObjectCreationDataNode.hpp">
      <Filter>Header Files</Filter>
    </ClInclude>
    <ClInclude Include="vendor\GTAV-Classes\datanodes\ped\CPedAIDataNode.hpp">
      <Filter>Header Files</Filter>
    </ClInclude>
    <ClInclude Include="vendor\GTAV-Classes\datanodes\ped\CPedAppearanceDataNode.hpp">
      <Filter>Header Files</Filter>
    </ClInclude>
    <ClInclude Include="vendor\GTAV-Classes\datanodes\ped\CPedAttachDataNode.hpp">
      <Filter>Header Files</Filter>
    </ClInclude>
    <ClInclude Include="vendor\GTAV-Classes\datanodes\ped\CPedCreationDataNode.hpp">
      <Filter>Header Files</Filter>
    </ClInclude>
    <ClInclude Include="vendor\GTAV-Classes\datanodes\ped\CPedGameStateDataNode.hpp">
      <Filter>Header Files</Filter>
    </ClInclude>
    <ClInclude Include="vendor\GTAV-Classes\datanodes\ped\CPedHealthDataNode.hpp">
      <Filter>Header Files</Filter>
    </ClInclude>
    <ClInclude Include="vendor\GTAV-Classes\datanodes\ped\CPedInventoryDataNode.hpp">
      <Filter>Header Files</Filter>
    </ClInclude>
    <ClInclude Include="vendor\GTAV-Classes\datanodes\ped\CPedScriptCreationDataNode.hpp">
      <Filter>Header Files</Filter>
    </ClInclude>
    <ClInclude Include="vendor\GTAV-Classes\datanodes\ped\CPedTaskSpecificDataNode.hpp">
      <Filter>Header Files</Filter>
    </ClInclude>
    <ClInclude Include="vendor\GTAV-Classes\datanodes\physical\CPhysicalAngVelocityDataNode.hpp">
      <Filter>Header Files</Filter>
    </ClInclude>
    <ClInclude Include="vendor\GTAV-Classes\datanodes\physical\CPhysicalAttachDataNode.hpp">
      <Filter>Header Files</Filter>
    </ClInclude>
    <ClInclude Include="vendor\GTAV-Classes\datanodes\physical\CPhysicalHealthDataNode.hpp">
      <Filter>Header Files</Filter>
    </ClInclude>
    <ClInclude Include="vendor\GTAV-Classes\datanodes\physical\CPhysicalVelocityDataNode.hpp">
      <Filter>Header Files</Filter>
    </ClInclude>
    <ClInclude Include="vendor\GTAV-Classes\datanodes\pickup\CPickupCreationDataNode.hpp">
      <Filter>Header Files</Filter>
    </ClInclude>
    <ClInclude Include="vendor\GTAV-Classes\datanodes\pickup_placement\CPickupPlacementCreationDataNode.hpp">
      <Filter>Header Files</Filter>
    </ClInclude>
    <ClInclude Include="vendor\GTAV-Classes\datanodes\player\CPlayerAppearanceDataNode.hpp">
      <Filter>Header Files</Filter>
    </ClInclude>
    <ClInclude Include="vendor\GTAV-Classes\datanodes\player\CPlayerCreationDataNode.hpp">
      <Filter>Header Files</Filter>
    </ClInclude>
    <ClInclude Include="vendor\GTAV-Classes\datanodes\player\CPlayerGamerDataNode.hpp">
      <Filter>Header Files</Filter>
    </ClInclude>
    <ClInclude Include="vendor\GTAV-Classes\datanodes\player\CPlayerGameStateDataNode.hpp">
      <Filter>Header Files</Filter>
    </ClInclude>
    <ClInclude Include="vendor\GTAV-Classes\datanodes\player\CPlayerSectorPosNode.hpp">
      <Filter>Header Files</Filter>
    </ClInclude>
    <ClInclude Include="vendor\GTAV-Classes\datanodes\proximity_migrateable\CGlobalFlagsDataNode.hpp">
      <Filter>Header Files</Filter>
    </ClInclude>
    <ClInclude Include="vendor\GTAV-Classes\datanodes\proximity_migrateable\CMigrationDataNode.hpp">
      <Filter>Header Files</Filter>
    </ClInclude>
    <ClInclude Include="vendor\GTAV-Classes\datanodes\proximity_migrateable\CSectorDataNode.hpp">
      <Filter>Header Files</Filter>
    </ClInclude>
    <ClInclude Include="vendor\GTAV-Classes\datanodes\proximity_migrateable\CSectorPositionDataNode.hpp">
      <Filter>Header Files</Filter>
    </ClInclude>
    <ClInclude Include="vendor\GTAV-Classes\datanodes\train\CTrainGameStateDataNode.hpp">
      <Filter>Header Files</Filter>
    </ClInclude>
    <ClInclude Include="vendor\GTAV-Classes\datanodes\vehicle\CVehicleCreationDataNode.hpp">
      <Filter>Header Files</Filter>
    </ClInclude>
    <ClInclude Include="vendor\GTAV-Classes\datanodes\vehicle\CVehicleGadgetDataNode.hpp">
      <Filter>Header Files</Filter>
    </ClInclude>
    <ClInclude Include="vendor\GTAV-Classes\datanodes\CPedComponents.hpp">
      <Filter>Header Files</Filter>
    </ClInclude>
    <ClInclude Include="vendor\GTAV-Classes\draw_handlers\CEntityDrawHandler.hpp">
      <Filter>Header Files</Filter>
    </ClInclude>
    <ClInclude Include="vendor\GTAV-Classes\draw_handlers\CObjectDrawHandler.hpp">
      <Filter>Header Files</Filter>
    </ClInclude>
    <ClInclude Include="vendor\GTAV-Classes\draw_handlers\CPedDrawHandler.hpp">
      <Filter>Header Files</Filter>
    </ClInclude>
    <ClInclude Include="vendor\GTAV-Classes\draw_handlers\CVehicleDrawHandler.hpp">
      <Filter>Header Files</Filter>
    </ClInclude>
    <ClInclude Include="vendor\GTAV-Classes\draw_handlers\fwDrawData.hpp">
      <Filter>Header Files</Filter>
    </ClInclude>
    <ClInclude Include="vendor\GTAV-Classes\entities\CAttackers.hpp">
      <Filter>Header Files</Filter>
    </ClInclude>
    <ClInclude Include="vendor\GTAV-Classes\entities\CDynamicEntity.hpp">
      <Filter>Header Files</Filter>
    </ClInclude>
    <ClInclude Include="vendor\GTAV-Classes\entities\CEntity.hpp">
      <Filter>Header Files</Filter>
    </ClInclude>
    <ClInclude Include="vendor\GTAV-Classes\entities\CPhysical.hpp">
      <Filter>Header Files</Filter>
    </ClInclude>
    <ClInclude Include="vendor\GTAV-Classes\entities\fwEntity.hpp">
      <Filter>Header Files</Filter>
    </ClInclude>
    <ClInclude Include="vendor\GTAV-Classes\enums\eExplosionTag.hpp">
      <Filter>Header Files</Filter>
    </ClInclude>
    <ClInclude Include="vendor\GTAV-Classes\enums\eHandlingType.hpp">
      <Filter>Header Files</Filter>
    </ClInclude>
    <ClInclude Include="vendor\GTAV-Classes\misc\CTunables.hpp">
      <Filter>Header Files</Filter>
    </ClInclude>
    <ClInclude Include="vendor\GTAV-Classes\network\CCommunications.hpp">
      <Filter>Header Files</Filter>
    </ClInclude>
    <ClInclude Include="vendor\GTAV-Classes\network\ChatData.hpp">
      <Filter>Header Files</Filter>
    </ClInclude>
    <ClInclude Include="vendor\GTAV-Classes\network\CJoinRequestContext.hpp">
      <Filter>Header Files</Filter>
    </ClInclude>
    <ClInclude Include="vendor\GTAV-Classes\network\ClanData.hpp">
      <Filter>Header Files</Filter>
    </ClInclude>
    <ClInclude Include="vendor\GTAV-Classes\network\CMsgJoinResponse.hpp">
      <Filter>Header Files</Filter>
    </ClInclude>
    <ClInclude Include="vendor\GTAV-Classes\network\CMsgTextMessage.hpp">
      <Filter>Header Files</Filter>
    </ClInclude>
    <ClInclude Include="vendor\GTAV-Classes\network\CNetComplaintMgr.hpp">
      <Filter>Header Files</Filter>
    </ClInclude>
    <ClInclude Include="vendor\GTAV-Classes\network\CNetGamePlayer.hpp">
      <Filter>Header Files</Filter>
    </ClInclude>
    <ClInclude Include="vendor\GTAV-Classes\network\CNetGamePlayerDataMsg.hpp">
      <Filter>Header Files</Filter>
    </ClInclude>
    <ClInclude Include="vendor\GTAV-Classes\network\CNetworkPlayerMgr.hpp">
      <Filter>Header Files</Filter>
    </ClInclude>
    <ClInclude Include="vendor\GTAV-Classes\network\netObject.hpp">
      <Filter>Header Files</Filter>
    </ClInclude>
    <ClInclude Include="vendor\GTAV-Classes\network\netPlayer.hpp">
      <Filter>Header Files</Filter>
    </ClInclude>
    <ClInclude Include="vendor\GTAV-Classes\network\netPlayerMgrBase.hpp">
      <Filter>Header Files</Filter>
    </ClInclude>
    <ClInclude Include="vendor\GTAV-Classes\network\Network.hpp">
      <Filter>Header Files</Filter>
    </ClInclude>
    <ClInclude Include="vendor\GTAV-Classes\network\RemoteGamerInfoMsg.hpp">
      <Filter>Header Files</Filter>
    </ClInclude>
    <ClInclude Include="vendor\GTAV-Classes\network\snSession.hpp">
      <Filter>Header Files</Filter>
    </ClInclude>
    <ClInclude Include="vendor\GTAV-Classes\ped\CPed.hpp">
      <Filter>Header Files</Filter>
    </ClInclude>
    <ClInclude Include="vendor\GTAV-Classes\ped\CPedBoneInfo.hpp">
      <Filter>Header Files</Filter>
    </ClInclude>
    <ClInclude Include="vendor\GTAV-Classes\ped\CPedFactory.hpp">
      <Filter>Header Files</Filter>
    </ClInclude>
    <ClInclude Include="vendor\GTAV-Classes\ped\CPedInventory.hpp">
      <Filter>Header Files</Filter>
    </ClInclude>
    <ClInclude Include="vendor\GTAV-Classes\ped\CPedModelInfo.hpp">
      <Filter>Header Files</Filter>
    </ClInclude>
    <ClInclude Include="vendor\GTAV-Classes\ped\CPedOxygenInfo.hpp">
      <Filter>Header Files</Filter>
    </ClInclude>
    <ClInclude Include="vendor\GTAV-Classes\ped\CPedWeaponManager.hpp">
      <Filter>Header Files</Filter>
    </ClInclude>
    <ClInclude Include="vendor\GTAV-Classes\player\CNonPhysicalPlayerData.hpp">
      <Filter>Header Files</Filter>
    </ClInclude>
    <ClInclude Include="vendor\GTAV-Classes\player\CPlayerAngles.hpp">
      <Filter>Header Files</Filter>
    </ClInclude>
    <ClInclude Include="vendor\GTAV-Classes\player\CPlayerInfo.hpp">
      <Filter>Header Files</Filter>
    </ClInclude>
    <ClInclude Include="vendor\GTAV-Classes\rage\atArray.hpp">
      <Filter>Header Files</Filter>
    </ClInclude>
    <ClInclude Include="vendor\GTAV-Classes\rage\atSingleton.hpp">
      <Filter>Header Files</Filter>
    </ClInclude>
    <ClInclude Include="vendor\GTAV-Classes\rage\joaat.hpp">
      <Filter>Header Files</Filter>
    </ClInclude>
    <ClInclude Include="vendor\GTAV-Classes\rage\netSyncDataNodeBase.hpp">
      <Filter>Header Files</Filter>
    </ClInclude>
    <ClInclude Include="vendor\GTAV-Classes\rage\netSyncNodeBase.hpp">
      <Filter>Header Files</Filter>
    </ClInclude>
    <ClInclude Include="vendor\GTAV-Classes\rage\netSyncTree.hpp">
      <Filter>Header Files</Filter>
    </ClInclude>
    <ClInclude Include="vendor\GTAV-Classes\rage\rlGamerHandle.hpp">
      <Filter>Header Files</Filter>
    </ClInclude>
    <ClInclude Include="vendor\GTAV-Classes\rage\rlGamerInfo.hpp">
      <Filter>Header Files</Filter>
    </ClInclude>
    <ClInclude Include="vendor\GTAV-Classes\rage\rlGamerInfoBase.hpp">
      <Filter>Header Files</Filter>
    </ClInclude>
    <ClInclude Include="vendor\GTAV-Classes\rage\rlMetric.hpp">
      <Filter>Header Files</Filter>
    </ClInclude>
    <ClInclude Include="vendor\GTAV-Classes\rage\rlSessionByGamerTaskResult.hpp">
      <Filter>Header Files</Filter>
    </ClInclude>
    <ClInclude Include="vendor\GTAV-Classes\rage\rlSessionInfo.hpp">
      <Filter>Header Files</Filter>
    </ClInclude>
    <ClInclude Include="vendor\GTAV-Classes\rage\sysMemAllocator.hpp">
      <Filter>Header Files</Filter>
    </ClInclude>
    <ClInclude Include="vendor\GTAV-Classes\rage\vector.hpp">
      <Filter>Header Files</Filter>
    </ClInclude>
    <ClInclude Include="vendor\GTAV-Classes\script\dataList.hpp">
      <Filter>Header Files</Filter>
    </ClInclude>
    <ClInclude Include="vendor\GTAV-Classes\script\GtaThread.hpp">
      <Filter>Header Files</Filter>
    </ClInclude>
    <ClInclude Include="vendor\GTAV-Classes\script\scriptHandler.hpp">
      <Filter>Header Files</Filter>
    </ClInclude>
    <ClInclude Include="vendor\GTAV-Classes\script\scriptHandlerMgr.hpp">
      <Filter>Header Files</Filter>
    </ClInclude>
    <ClInclude Include="vendor\GTAV-Classes\script\scriptHandlerNetComponent.hpp">
      <Filter>Header Files</Filter>
    </ClInclude>
    <ClInclude Include="vendor\GTAV-Classes\script\scriptId.hpp">
      <Filter>Header Files</Filter>
    </ClInclude>
    <ClInclude Include="vendor\GTAV-Classes\script\scriptIdBase.hpp">
      <Filter>Header Files</Filter>
    </ClInclude>
    <ClInclude Include="vendor\GTAV-Classes\script\scriptResource.hpp">
      <Filter>Header Files</Filter>
    </ClInclude>
    <ClInclude Include="vendor\GTAV-Classes\script\scrNativeHandler.hpp">
      <Filter>Header Files</Filter>
    </ClInclude>
    <ClInclude Include="vendor\GTAV-Classes\script\scrNativeRegistration.hpp">
      <Filter>Header Files</Filter>
    </ClInclude>
    <ClInclude Include="vendor\GTAV-Classes\script\scrNativeRegistrationTable.hpp">
      <Filter>Header Files</Filter>
    </ClInclude>
    <ClInclude Include="vendor\GTAV-Classes\script\scrProgram.hpp">
      <Filter>Header Files</Filter>
    </ClInclude>
    <ClInclude Include="vendor\GTAV-Classes\script\scrProgramTable.hpp">
      <Filter>Header Files</Filter>
    </ClInclude>
    <ClInclude Include="vendor\GTAV-Classes\script\scrProgramTableEntry.hpp">
      <Filter>Header Files</Filter>
    </ClInclude>
    <ClInclude Include="vendor\GTAV-Classes\script\scrThread.hpp">
      <Filter>Header Files</Filter>
    </ClInclude>
    <ClInclude Include="vendor\GTAV-Classes\script\scrThreadContext.hpp">
      <Filter>Header Files</Filter>
    </ClInclude>
    <ClInclude Include="vendor\GTAV-Classes\script\tlsContext.hpp">
      <Filter>Header Files</Filter>
    </ClInclude>
    <ClInclude Include="vendor\GTAV-Classes\security\ObfVar.hpp">
      <Filter>Header Files</Filter>
    </ClInclude>
    <ClInclude Include="vendor\GTAV-Classes\security\RageSecurity.hpp">
      <Filter>Header Files</Filter>
    </ClInclude>
    <ClInclude Include="vendor\GTAV-Classes\socialclub\FriendInfo.hpp">
      <Filter>Header Files</Filter>
    </ClInclude>
    <ClInclude Include="vendor\GTAV-Classes\socialclub\FriendRegistry.hpp">
      <Filter>Header Files</Filter>
    </ClInclude>
    <ClInclude Include="vendor\GTAV-Classes\socialclub\ScInfo.hpp">
      <Filter>Header Files</Filter>
    </ClInclude>
    <ClInclude Include="vendor\GTAV-Classes\vehicle\CAdvancedData.hpp">
      <Filter>Header Files</Filter>
    </ClInclude>
    <ClInclude Include="vendor\GTAV-Classes\vehicle\CBaseSubHandlingData.hpp">
      <Filter>Header Files</Filter>
    </ClInclude>
    <ClInclude Include="vendor\GTAV-Classes\vehicle\CCarHandlingData.hpp">
      <Filter>Header Files</Filter>
    </ClInclude>
    <ClInclude Include="vendor\GTAV-Classes\vehicle\CHandlingData.hpp">
      <Filter>Header Files</Filter>
    </ClInclude>
    <ClInclude Include="vendor\GTAV-Classes\vehicle\CHandlingObject.hpp">
      <Filter>Header Files</Filter>
    </ClInclude>
    <ClInclude Include="vendor\GTAV-Classes\vehicle\CVehicle.hpp">
      <Filter>Header Files</Filter>
    </ClInclude>
    <ClInclude Include="vendor\GTAV-Classes\vehicle\CVehicleModelInfo.hpp">
      <Filter>Header Files</Filter>
    </ClInclude>
    <ClInclude Include="vendor\GTAV-Classes\weapon\CAmmoInfo.hpp">
      <Filter>Header Files</Filter>
    </ClInclude>
    <ClInclude Include="vendor\GTAV-Classes\weapon\CAmmoProjectileInfo.hpp">
      <Filter>Header Files</Filter>
    </ClInclude>
    <ClInclude Include="vendor\GTAV-Classes\weapon\CAmmoRocketInfo.hpp">
      <Filter>Header Files</Filter>
    </ClInclude>
    <ClInclude Include="vendor\GTAV-Classes\weapon\CAmmoThrownInfo.hpp">
      <Filter>Header Files</Filter>
    </ClInclude>
    <ClInclude Include="vendor\GTAV-Classes\weapon\CHomingRocketParams.hpp">
      <Filter>Header Files</Filter>
    </ClInclude>
    <ClInclude Include="vendor\GTAV-Classes\weapon\CItemInfo.hpp">
      <Filter>Header Files</Filter>
    </ClInclude>
    <ClInclude Include="vendor\GTAV-Classes\weapon\CWeaponBoneId.hpp">
      <Filter>Header Files</Filter>
    </ClInclude>
    <ClInclude Include="vendor\GTAV-Classes\weapon\CWeaponInfo.hpp">
      <Filter>Header Files</Filter>
    </ClInclude>
    <ClInclude Include="headers\CrossMapping.h">
      <Filter>Header Files</Filter>
    </ClInclude>
    <ClInclude Include="gta\net_game_event.hpp">
      <Filter>Header Files</Filter>
    </ClInclude>
    <ClInclude Include="gta\vector.hpp">
      <Filter>Header Files</Filter>
    </ClInclude>
  </ItemGroup>
  <ItemGroup>
    <ClCompile Include="src\stdafx.cpp">
      <Filter>Source Files</Filter>
    </ClCompile>
    <ClCompile Include="src\Main.cpp">
      <Filter>Source Files</Filter>
    </ClCompile>
    <ClCompile Include="src\Log.cpp">
      <Filter>Source Files</Filter>
    </ClCompile>
    <ClCompile Include="src\NativeInvoker.cpp">
      <Filter>Source Files</Filter>
    </ClCompile>
    <ClCompile Include="src\Script.cpp">
      <Filter>Menu</Filter>
    </ClCompile>
    <ClCompile Include="src\MenuClass.cpp">
      <Filter>Menu</Filter>
    </ClCompile>
    <ClCompile Include="src\CrossMapping.cpp">
      <Filter>Source Files</Filter>
    </ClCompile>
    <ClCompile Include="src\Hooking.cpp">
      <Filter>Source Files</Filter>
    </ClCompile>
    <ClCompile Include="vendor\GTAV-Classes\build\CMakeFiles\3.25.0-rc4\CompilerIdC\CMakeCCompilerId.c">
      <Filter>Source Files</Filter>
    </ClCompile>
    <ClCompile Include="vendor\GTAV-Classes\build\CMakeFiles\3.25.0-rc4\CompilerIdCXX\CMakeCXXCompilerId.cpp">
      <Filter>Source Files</Filter>
    </ClCompile>
    <ClCompile Include="src\Functions.cpp">
      <Filter>Source Files</Filter>
    </ClCompile>
    <ClCompile Include="src\functions\vehicle.cpp">
      <Filter>Source Files</Filter>
    </ClCompile>
    <ClCompile Include="src\functions\Misc.cpp">
      <Filter>Source Files</Filter>
    </ClCompile>
  </ItemGroup>
  <ItemGroup>
    <MASM Include="src\NativeSpoofer.asm">
      <Filter>Source Files</Filter>
    </MASM>
  </ItemGroup>
  <ItemGroup>
    <None Include="vendor\GTAV-Classes\build\CMakeFiles\3.25.0-rc4\CMakeDetermineCompilerABI_C.bin" />
    <None Include="vendor\GTAV-Classes\build\CMakeFiles\3.25.0-rc4\CMakeDetermineCompilerABI_CXX.bin" />
  </ItemGroup>
</Project>